
Microsoft Visual Studio Solution File, Format Version 12.00
# Visual Studio Version 17
VisualStudioVersion = 17.3.32922.545
MinimumVisualStudioVersion = 10.0.40219.1
Project("{FAE04EC0-301F-11D3-BF4B-00C04F79EFBC}") = "EVA4SECC61Palacios", "EVA4SECC61Palacios\EVA4SECC61Palacios.csproj", "{58377156-F4E6-47D4-A9A1-FDBF059A7BF0}"
EndProject
Global
	GlobalSection(SolutionConfigurationPlatforms) = preSolution
		Debug|Any CPU = Debug|Any CPU
		Release|Any CPU = Release|Any CPU
	EndGlobalSection
	GlobalSection(ProjectConfigurationPlatforms) = postSolution
		{58377156-F4E6-47D4-A9A1-FDBF059A7BF0}.Debug|Any CPU.ActiveCfg = Debug|Any CPU
		{58377156-F4E6-47D4-A9A1-FDBF059A7BF0}.Debug|Any CPU.Build.0 = Debug|Any CPU
		{58377156-F4E6-47D4-A9A1-FDBF059A7BF0}.Release|Any CPU.ActiveCfg = Release|Any CPU
		{58377156-F4E6-47D4-A9A1-FDBF059A7BF0}.Release|Any CPU.Build.0 = Release|Any CPU
	EndGlobalSection
	GlobalSection(SolutionProperties) = preSolution
		HideSolutionNode = FALSE
	EndGlobalSection
	GlobalSection(ExtensibilityGlobals) = postSolution
		SolutionGuid = {EA99ED82-FFE7-4133-8280-A893775D7E0A}
	EndGlobalSection
EndGlobal
